
Microsoft Visual Studio Solution File, Format Version 12.00
# Visual Studio Version 17
VisualStudioVersion = 17.0.31903.59
MinimumVisualStudioVersion = 10.0.40219.1
Project("{2150E333-8FDC-42A3-9474-1A3956D46DE8}") = "src", "src", "{A7187BE3-A2C4-4FFC-8488-1E2EA48BCD96}"
EndProject
Project("{FAE04EC0-301F-11D3-BF4B-00C04F79EFBC}") = "JsonRpcX", "src\JsonRpcX\JsonRpcX.csproj", "{8C6DE388-AA74-4827-B6CB-E697FCD14E70}"
EndProject
Project("{FAE04EC0-301F-11D3-BF4B-00C04F79EFBC}") = "JsonRpcX.Domain", "src\JsonRpcX.Domain\JsonRpcX.Domain.csproj", "{2E399673-D401-49DD-8864-1525AB60C90F}"
EndProject
Project("{FAE04EC0-301F-11D3-BF4B-00C04F79EFBC}") = "JsonRpcX.Client", "src\JsonRpcX.Client\JsonRpcX.Client.csproj", "{F5FD3E3F-37B3-44A7-B2F2-0C1586CBD9AD}"
EndProject
Project("{FAE04EC0-301F-11D3-BF4B-00C04F79EFBC}") = "JsonRpcX.Transport", "src\JsonRpcX.Transport\JsonRpcX.Transport.csproj", "{7B995E4F-ADEC-4419-8260-AC9B2C0269F4}"
EndProject
Project("{FAE04EC0-301F-11D3-BF4B-00C04F79EFBC}") = "JsonRpcX.Helpers", "src\JsonRpcX.Helpers\JsonRpcX.Helpers.csproj", "{AB443BF2-1410-4E0B-90BE-DC15467D9154}"
EndProject
Project("{2150E333-8FDC-42A3-9474-1A3956D46DE8}") = "tests", "tests", "{9D5BFE24-2208-42D9-915A-34A8A20318CE}"
EndProject
Project("{FAE04EC0-301F-11D3-BF4B-00C04F79EFBC}") = "JsonRpcX.Tests", "tests\JsonRpcX.Tests\JsonRpcX.Tests.csproj", "{4A683FA4-6822-454D-B2C0-E4AC2F12B61D}"
EndProject
Global
	GlobalSection(SolutionConfigurationPlatforms) = preSolution
		Debug|Any CPU = Debug|Any CPU
		Release|Any CPU = Release|Any CPU
	EndGlobalSection
	GlobalSection(SolutionProperties) = preSolution
		HideSolutionNode = FALSE
	EndGlobalSection
	GlobalSection(ProjectConfigurationPlatforms) = postSolution
		{8C6DE388-AA74-4827-B6CB-E697FCD14E70}.Debug|Any CPU.ActiveCfg = Debug|Any CPU
		{8C6DE388-AA74-4827-B6CB-E697FCD14E70}.Debug|Any CPU.Build.0 = Debug|Any CPU
		{8C6DE388-AA74-4827-B6CB-E697FCD14E70}.Release|Any CPU.ActiveCfg = Release|Any CPU
		{8C6DE388-AA74-4827-B6CB-E697FCD14E70}.Release|Any CPU.Build.0 = Release|Any CPU
		{2E399673-D401-49DD-8864-1525AB60C90F}.Debug|Any CPU.ActiveCfg = Debug|Any CPU
		{2E399673-D401-49DD-8864-1525AB60C90F}.Debug|Any CPU.Build.0 = Debug|Any CPU
		{2E399673-D401-49DD-8864-1525AB60C90F}.Release|Any CPU.ActiveCfg = Release|Any CPU
		{2E399673-D401-49DD-8864-1525AB60C90F}.Release|Any CPU.Build.0 = Release|Any CPU
		{F5FD3E3F-37B3-44A7-B2F2-0C1586CBD9AD}.Debug|Any CPU.ActiveCfg = Debug|Any CPU
		{F5FD3E3F-37B3-44A7-B2F2-0C1586CBD9AD}.Debug|Any CPU.Build.0 = Debug|Any CPU
		{F5FD3E3F-37B3-44A7-B2F2-0C1586CBD9AD}.Release|Any CPU.ActiveCfg = Release|Any CPU
		{F5FD3E3F-37B3-44A7-B2F2-0C1586CBD9AD}.Release|Any CPU.Build.0 = Release|Any CPU
		{7B995E4F-ADEC-4419-8260-AC9B2C0269F4}.Debug|Any CPU.ActiveCfg = Debug|Any CPU
		{7B995E4F-ADEC-4419-8260-AC9B2C0269F4}.Debug|Any CPU.Build.0 = Debug|Any CPU
		{7B995E4F-ADEC-4419-8260-AC9B2C0269F4}.Release|Any CPU.ActiveCfg = Release|Any CPU
		{7B995E4F-ADEC-4419-8260-AC9B2C0269F4}.Release|Any CPU.Build.0 = Release|Any CPU
		{AB443BF2-1410-4E0B-90BE-DC15467D9154}.Debug|Any CPU.ActiveCfg = Debug|Any CPU
		{AB443BF2-1410-4E0B-90BE-DC15467D9154}.Debug|Any CPU.Build.0 = Debug|Any CPU
		{AB443BF2-1410-4E0B-90BE-DC15467D9154}.Release|Any CPU.ActiveCfg = Release|Any CPU
		{AB443BF2-1410-4E0B-90BE-DC15467D9154}.Release|Any CPU.Build.0 = Release|Any CPU
		{4A683FA4-6822-454D-B2C0-E4AC2F12B61D}.Debug|Any CPU.ActiveCfg = Debug|Any CPU
		{4A683FA4-6822-454D-B2C0-E4AC2F12B61D}.Debug|Any CPU.Build.0 = Debug|Any CPU
		{4A683FA4-6822-454D-B2C0-E4AC2F12B61D}.Release|Any CPU.ActiveCfg = Release|Any CPU
		{4A683FA4-6822-454D-B2C0-E4AC2F12B61D}.Release|Any CPU.Build.0 = Release|Any CPU
	EndGlobalSection
	GlobalSection(NestedProjects) = preSolution
		{8C6DE388-AA74-4827-B6CB-E697FCD14E70} = {A7187BE3-A2C4-4FFC-8488-1E2EA48BCD96}
		{2E399673-D401-49DD-8864-1525AB60C90F} = {A7187BE3-A2C4-4FFC-8488-1E2EA48BCD96}
		{F5FD3E3F-37B3-44A7-B2F2-0C1586CBD9AD} = {A7187BE3-A2C4-4FFC-8488-1E2EA48BCD96}
		{7B995E4F-ADEC-4419-8260-AC9B2C0269F4} = {A7187BE3-A2C4-4FFC-8488-1E2EA48BCD96}
		{AB443BF2-1410-4E0B-90BE-DC15467D9154} = {A7187BE3-A2C4-4FFC-8488-1E2EA48BCD96}
		{4A683FA4-6822-454D-B2C0-E4AC2F12B61D} = {9D5BFE24-2208-42D9-915A-34A8A20318CE}
	EndGlobalSection
EndGlobal
