
Microsoft Visual Studio Solution File, Format Version 12.00
# Visual Studio Version 17
VisualStudioVersion = 17.0.31903.59
MinimumVisualStudioVersion = 10.0.40219.1
Project("{2150E333-8FDC-42A3-9474-1A3956D46DE8}") = "sdk", "sdk", "{6B1807FB-3BD6-479F-834A-6517F2513D6C}"
EndProject
Project("{FAE04EC0-301F-11D3-BF4B-00C04F79EFBC}") = "JsonRpcX", "sdk\JsonRpcX\JsonRpcX.csproj", "{69510CE3-50A7-4C55-8FD4-3651083FEE5A}"
EndProject
Project("{2150E333-8FDC-42A3-9474-1A3956D46DE8}") = "samples", "samples", "{2EDCA7FB-1271-461B-B26C-1164A372819B}"
EndProject
Project("{FAE04EC0-301F-11D3-BF4B-00C04F79EFBC}") = "JsonRpcX.Api", "samples\JsonRpcX.Api\JsonRpcX.Api.csproj", "{0FDD2A74-D57A-440B-A2A6-8B00A674B025}"
EndProject
Project("{FAE04EC0-301F-11D3-BF4B-00C04F79EFBC}") = "JsonRpcX.Transport", "sdk\JsonRpcX.Transport\JsonRpcX.Transport.csproj", "{9BDBFB95-4C24-4A26-9711-B038A98CAF3D}"
EndProject
Project("{FAE04EC0-301F-11D3-BF4B-00C04F79EFBC}") = "JsonRpcX.Domain", "sdk\JsonRpcX.Domain\JsonRpcX.Domain.csproj", "{FC213B48-C64B-43DB-AD42-C0626C4A2E2A}"
EndProject
Project("{FAE04EC0-301F-11D3-BF4B-00C04F79EFBC}") = "JsonRpcX.Client", "sdk\JsonRpcX.Client\JsonRpcX.Client.csproj", "{BF95093B-D8EC-4625-B335-55458CE248C0}"
EndProject
Project("{FAE04EC0-301F-11D3-BF4B-00C04F79EFBC}") = "JsonRpcX.Tests", "sdk\JsonRpcX.Tests\JsonRpcX.Tests.csproj", "{5D98948F-C635-4ACF-8666-CC2A77DA0996}"
EndProject
Global
	GlobalSection(SolutionConfigurationPlatforms) = preSolution
		Debug|Any CPU = Debug|Any CPU
		Release|Any CPU = Release|Any CPU
	EndGlobalSection
	GlobalSection(SolutionProperties) = preSolution
		HideSolutionNode = FALSE
	EndGlobalSection
	GlobalSection(ProjectConfigurationPlatforms) = postSolution
		{69510CE3-50A7-4C55-8FD4-3651083FEE5A}.Debug|Any CPU.ActiveCfg = Debug|Any CPU
		{69510CE3-50A7-4C55-8FD4-3651083FEE5A}.Debug|Any CPU.Build.0 = Debug|Any CPU
		{69510CE3-50A7-4C55-8FD4-3651083FEE5A}.Release|Any CPU.ActiveCfg = Release|Any CPU
		{69510CE3-50A7-4C55-8FD4-3651083FEE5A}.Release|Any CPU.Build.0 = Release|Any CPU
		{0FDD2A74-D57A-440B-A2A6-8B00A674B025}.Debug|Any CPU.ActiveCfg = Debug|Any CPU
		{0FDD2A74-D57A-440B-A2A6-8B00A674B025}.Debug|Any CPU.Build.0 = Debug|Any CPU
		{0FDD2A74-D57A-440B-A2A6-8B00A674B025}.Release|Any CPU.ActiveCfg = Release|Any CPU
		{0FDD2A74-D57A-440B-A2A6-8B00A674B025}.Release|Any CPU.Build.0 = Release|Any CPU
		{9BDBFB95-4C24-4A26-9711-B038A98CAF3D}.Debug|Any CPU.ActiveCfg = Debug|Any CPU
		{9BDBFB95-4C24-4A26-9711-B038A98CAF3D}.Debug|Any CPU.Build.0 = Debug|Any CPU
		{9BDBFB95-4C24-4A26-9711-B038A98CAF3D}.Release|Any CPU.ActiveCfg = Release|Any CPU
		{9BDBFB95-4C24-4A26-9711-B038A98CAF3D}.Release|Any CPU.Build.0 = Release|Any CPU
		{FC213B48-C64B-43DB-AD42-C0626C4A2E2A}.Debug|Any CPU.ActiveCfg = Debug|Any CPU
		{FC213B48-C64B-43DB-AD42-C0626C4A2E2A}.Debug|Any CPU.Build.0 = Debug|Any CPU
		{FC213B48-C64B-43DB-AD42-C0626C4A2E2A}.Release|Any CPU.ActiveCfg = Release|Any CPU
		{FC213B48-C64B-43DB-AD42-C0626C4A2E2A}.Release|Any CPU.Build.0 = Release|Any CPU
		{BF95093B-D8EC-4625-B335-55458CE248C0}.Debug|Any CPU.ActiveCfg = Debug|Any CPU
		{BF95093B-D8EC-4625-B335-55458CE248C0}.Debug|Any CPU.Build.0 = Debug|Any CPU
		{BF95093B-D8EC-4625-B335-55458CE248C0}.Release|Any CPU.ActiveCfg = Release|Any CPU
		{BF95093B-D8EC-4625-B335-55458CE248C0}.Release|Any CPU.Build.0 = Release|Any CPU
		{5D98948F-C635-4ACF-8666-CC2A77DA0996}.Debug|Any CPU.ActiveCfg = Debug|Any CPU
		{5D98948F-C635-4ACF-8666-CC2A77DA0996}.Debug|Any CPU.Build.0 = Debug|Any CPU
		{5D98948F-C635-4ACF-8666-CC2A77DA0996}.Release|Any CPU.ActiveCfg = Release|Any CPU
		{5D98948F-C635-4ACF-8666-CC2A77DA0996}.Release|Any CPU.Build.0 = Release|Any CPU
	EndGlobalSection
	GlobalSection(NestedProjects) = preSolution
		{69510CE3-50A7-4C55-8FD4-3651083FEE5A} = {6B1807FB-3BD6-479F-834A-6517F2513D6C}
		{0FDD2A74-D57A-440B-A2A6-8B00A674B025} = {2EDCA7FB-1271-461B-B26C-1164A372819B}
		{9BDBFB95-4C24-4A26-9711-B038A98CAF3D} = {6B1807FB-3BD6-479F-834A-6517F2513D6C}
		{FC213B48-C64B-43DB-AD42-C0626C4A2E2A} = {6B1807FB-3BD6-479F-834A-6517F2513D6C}
		{BF95093B-D8EC-4625-B335-55458CE248C0} = {6B1807FB-3BD6-479F-834A-6517F2513D6C}
		{5D98948F-C635-4ACF-8666-CC2A77DA0996} = {6B1807FB-3BD6-479F-834A-6517F2513D6C}
	EndGlobalSection
EndGlobal
